
Microsoft Visual Studio Solution File, Format Version 12.00
# Visual Studio Version 17
VisualStudioVersion = 17.7.34003.232
MinimumVisualStudioVersion = 10.0.40219.1
Project("{9A19103F-16F7-4668-BE54-9A1E7A4F7556}") = "Devsoftbr.MimeDetect", "Devsoftbr.MimeDetect\Devsoftbr.MimeDetect.csproj", "{DDB2296C-8B7C-4537-BF42-480E7BA0DAE8}"
EndProject
Global
	GlobalSection(SolutionConfigurationPlatforms) = preSolution
		Debug|Any CPU = Debug|Any CPU
		Release|Any CPU = Release|Any CPU
		SignAndRelease|Any CPU = SignAndRelease|Any CPU
	EndGlobalSection
	GlobalSection(ProjectConfigurationPlatforms) = postSolution
		{DDB2296C-8B7C-4537-BF42-480E7BA0DAE8}.Debug|Any CPU.ActiveCfg = Debug|Any CPU
		{DDB2296C-8B7C-4537-BF42-480E7BA0DAE8}.Debug|Any CPU.Build.0 = Debug|Any CPU
		{DDB2296C-8B7C-4537-BF42-480E7BA0DAE8}.Release|Any CPU.ActiveCfg = Release|Any CPU
		{DDB2296C-8B7C-4537-BF42-480E7BA0DAE8}.Release|Any CPU.Build.0 = Release|Any CPU
		{DDB2296C-8B7C-4537-BF42-480E7BA0DAE8}.SignAndRelease|Any CPU.ActiveCfg = SignAndRelease|Any CPU
		{DDB2296C-8B7C-4537-BF42-480E7BA0DAE8}.SignAndRelease|Any CPU.Build.0 = SignAndRelease|Any CPU
	EndGlobalSection
	GlobalSection(SolutionProperties) = preSolution
		HideSolutionNode = FALSE
	EndGlobalSection
	GlobalSection(ExtensibilityGlobals) = postSolution
		SolutionGuid = {22B90A64-F6E1-4CBE-B92F-2FFA3EE29CD2}
	EndGlobalSection
EndGlobal
